
Microsoft Visual Studio Solution File, Format Version 10.00
# Visual Studio 2008
Project("{8BC9CEB8-8B4A-11D0-8D11-00A0C91BC942}") = "Dissertation Project", "Dissertation\Dissertation.vcproj", "{802840FE-F2F1-42C5-AD74-9FE107EFE583}"
EndProject
Global
	GlobalSection(SolutionConfigurationPlatforms) = preSolution
		Debug|Win32 = Debug|Win32
		Release|Win32 = Release|Win32
	EndGlobalSection
	GlobalSection(ProjectConfigurationPlatforms) = postSolution
		{802840FE-F2F1-42C5-AD74-9FE107EFE583}.Debug|Win32.ActiveCfg = Debug|Win32
		{802840FE-F2F1-42C5-AD74-9FE107EFE583}.Debug|Win32.Build.0 = Debug|Win32
		{802840FE-F2F1-42C5-AD74-9FE107EFE583}.Release|Win32.ActiveCfg = Release|Win32
		{802840FE-F2F1-42C5-AD74-9FE107EFE583}.Release|Win32.Build.0 = Release|Win32
	EndGlobalSection
	GlobalSection(SolutionProperties) = preSolution
		HideSolutionNode = FALSE
	EndGlobalSection
	GlobalSection(ExtensibilityGlobals) = postSolution
		AMDCaProjectFile = C:\Users\gameXcore\Desktop\Dissertation\Code\CodeAnalyst\Dissertation Project.caw
	EndGlobalSection
EndGlobal
